{
  "nodes": {
    "agenix": {
      "inputs": {
        "darwin": [
          "darwin"
        ],
        "home-manager": [
          "home-manager"
        ],
        "nixpkgs": [
          "nixpkgs"
        ],
        "systems": "systems"
      },
      "locked": {
        "lastModified": 1716561646,
        "narHash": "sha256-UIGtLO89RxKt7RF2iEgPikSdU53r6v/6WYB0RW3k89I=",
        "owner": "ryantm",
        "repo": "agenix",
        "rev": "c2fc0762bbe8feb06a2e59a364fa81b3a57671c9",
        "type": "github"
      },
      "original": {
        "owner": "ryantm",
        "repo": "agenix",
        "type": "github"
      }
    },
    "crane": {
      "inputs": {
        "nixpkgs": [
          "lanzaboote",
          "nixpkgs"
        ]
      },
      "locked": {
        "lastModified": 1711299236,
        "narHash": "sha256-6/JsyozOMKN8LUGqWMopKTSiK8N79T8Q+hcxu2KkTXg=",
        "owner": "ipetkov",
        "repo": "crane",
        "rev": "880573f80d09e18a11713f402b9e6172a085449f",
        "type": "github"
      },
      "original": {
        "owner": "ipetkov",
        "repo": "crane",
        "type": "github"
      }
    },
    "darwin": {
      "inputs": {
        "nixpkgs": [
          "nixpkgs"
        ]
      },
      "locked": {
        "lastModified": 1716993688,
        "narHash": "sha256-vo5k2wQekfeoq/2aleQkBN41dQiQHNTniZeVONWiWLs=",
        "owner": "lnl7",
        "repo": "nix-darwin",
        "rev": "c0d5b8c54d6828516c97f6be9f2d00c63a363df4",
        "type": "github"
      },
      "original": {
        "owner": "lnl7",
        "repo": "nix-darwin",
        "type": "github"
      }
    },
    "dressing-nvim": {
      "flake": false,
      "locked": {
        "lastModified": 1715888396,
        "narHash": "sha256-zL+u9SUwzPZEYxaGZiRnezNUkcr8ZkdOMyGKSXF5xcQ=",
        "owner": "stevearc",
        "repo": "dressing.nvim",
        "rev": "572314728cb1ce012e825fd66331f52c94acac12",
        "type": "github"
      },
      "original": {
        "owner": "stevearc",
        "ref": "v2.2.1",
        "repo": "dressing.nvim",
        "type": "github"
      }
    },
    "flake-compat": {
      "flake": false,
      "locked": {
        "lastModified": 1696426674,
        "narHash": "sha256-kvjfFW7WAETZlt09AgDn1MrtKzP7t90Vf7vypd3OL1U=",
        "owner": "edolstra",
        "repo": "flake-compat",
        "rev": "0f9255e01c2351cc7d116c072cb317785dd33b33",
        "type": "github"
      },
      "original": {
        "owner": "edolstra",
        "repo": "flake-compat",
        "type": "github"
      }
    },
    "flake-parts": {
      "inputs": {
        "nixpkgs-lib": [
          "lanzaboote",
          "nixpkgs"
        ]
      },
      "locked": {
        "lastModified": 1709336216,
        "narHash": "sha256-Dt/wOWeW6Sqm11Yh+2+t0dfEWxoMxGBvv3JpIocFl9E=",
        "owner": "hercules-ci",
        "repo": "flake-parts",
        "rev": "f7b3c975cf067e56e7cda6cb098ebe3fb4d74ca2",
        "type": "github"
      },
      "original": {
        "owner": "hercules-ci",
        "repo": "flake-parts",
        "type": "github"
      }
    },
    "flake-utils": {
      "inputs": {
        "systems": "systems_2"
      },
      "locked": {
        "lastModified": 1710146030,
        "narHash": "sha256-SZ5L6eA7HJ/nmkzGG7/ISclqe6oZdOZTNoesiInkXPQ=",
        "owner": "numtide",
        "repo": "flake-utils",
        "rev": "b1d9ab70662946ef0850d488da1c9019f3a9752a",
        "type": "github"
      },
      "original": {
        "owner": "numtide",
        "repo": "flake-utils",
        "type": "github"
      }
    },
    "gitignore": {
      "inputs": {
        "nixpkgs": [
          "lanzaboote",
          "pre-commit-hooks-nix",
          "nixpkgs"
        ]
      },
      "locked": {
        "lastModified": 1709087332,
        "narHash": "sha256-HG2cCnktfHsKV0s4XW83gU3F57gaTljL9KNSuG6bnQs=",
        "owner": "hercules-ci",
        "repo": "gitignore.nix",
        "rev": "637db329424fd7e46cf4185293b9cc8c88c95394",
        "type": "github"
      },
      "original": {
        "owner": "hercules-ci",
        "repo": "gitignore.nix",
        "type": "github"
      }
    },
    "gitsigns-nvim": {
      "flake": false,
      "locked": {
        "lastModified": 1717763051,
        "narHash": "sha256-FWcjFwprIeDRMKhurJtGqCfI4mP4fQNQY8szjnjuOCc=",
        "owner": "lewis6991",
        "repo": "gitsigns.nvim",
        "rev": "4a143f13e122ab91abdc88f89eefbe70a4858a56",
        "type": "github"
      },
      "original": {
        "owner": "lewis6991",
        "repo": "gitsigns.nvim",
        "type": "github"
      }
    },
    "hardline-nvim": {
      "flake": false,
      "locked": {
        "lastModified": 1630662339,
        "narHash": "sha256-yeZTsVlKYFvfin8lHwYM5oVvaaEHP7tjl0bn/cFSBv4=",
        "owner": "ojroques",
        "repo": "nvim-hardline",
        "rev": "9a6998ff2af04ee86cf87e710fd9daa279726bdc",
        "type": "github"
      },
      "original": {
        "owner": "ojroques",
        "repo": "nvim-hardline",
        "rev": "9a6998ff2af04ee86cf87e710fd9daa279726bdc",
        "type": "github"
      }
    },
    "home-manager": {
      "inputs": {
        "nixpkgs": [
          "nixpkgs"
        ]
      },
      "locked": {
        "lastModified": 1716729631,
        "narHash": "sha256-IerjU5GUeKc0eW9FPOdlPveSGJ2ZrO+lIfuHPUmUF2I=",
        "owner": "nix-community",
        "repo": "home-manager",
        "rev": "fc4492181833eaaa7a26a8081c0615d95792d825",
        "type": "github"
      },
      "original": {
        "owner": "nix-community",
        "ref": "release-23.05",
        "repo": "home-manager",
        "type": "github"
      }
    },
    "language-servers": {
      "inputs": {
        "flake-utils": [
          "flake-utils"
        ],
        "nixpkgs": [
          "nixpkgs"
        ]
      },
      "locked": {
        "lastModified": 1715608521,
        "narHash": "sha256-89E2rMzOBJRGPXktcZ9i/kOy6Ae7xeKYSHKk12FUAzY=",
        "owner": "kitten",
        "repo": "language-servers.nix",
        "rev": "aadbd047f1754e83c69ba6613a715db8c5523417",
        "type": "github"
      },
      "original": {
        "owner": "kitten",
        "repo": "language-servers.nix",
        "type": "github"
      }
    },
    "lanzaboote": {
      "inputs": {
        "crane": "crane",
        "flake-compat": "flake-compat",
        "flake-parts": "flake-parts",
        "flake-utils": [
          "flake-utils"
        ],
        "nixpkgs": [
          "nixpkgs"
        ],
        "pre-commit-hooks-nix": "pre-commit-hooks-nix",
        "rust-overlay": "rust-overlay"
      },
      "locked": {
        "lastModified": 1717686691,
        "narHash": "sha256-LF4zVaSsJ83wq6j+4lm/olK2V71KAJHNJbD42mF+fr8=",
        "owner": "nix-community",
        "repo": "lanzaboote",
        "rev": "990e300ef9abe0eb8c86388683f8d7465e335626",
        "type": "github"
      },
      "original": {
        "owner": "nix-community",
        "repo": "lanzaboote",
        "type": "github"
      }
    },
    "lir-nvim": {
      "flake": false,
      "locked": {
        "lastModified": 1716735240,
        "narHash": "sha256-l19tu6Rg4PGU7FT/++4UJoCQ6wV7bbV8tWc0NDMlqzA=",
        "owner": "tamago324",
        "repo": "lir.nvim",
        "rev": "5b1a927cfee45845d7d4450a1e8f2f63cf0baaac",
        "type": "github"
      },
      "original": {
        "owner": "tamago324",
        "repo": "lir.nvim",
        "type": "github"
      }
    },
    "lspkind-nvim": {
      "flake": false,
      "locked": {
        "lastModified": 1704982040,
        "narHash": "sha256-/QLdBU/Zwmkw1NGuLBD48tvrmIP9d9WHhgcLEQgRTWo=",
        "owner": "onsails",
        "repo": "lspkind-nvim",
        "rev": "1735dd5a5054c1fb7feaf8e8658dbab925f4f0cf",
        "type": "github"
      },
      "original": {
        "owner": "onsails",
        "repo": "lspkind-nvim",
        "type": "github"
      }
    },
    "nixos-hardware": {
      "locked": {
        "lastModified": 1717574423,
        "narHash": "sha256-cz3P5MZffAHwL2IQaNzsqUBsJS+u0J/AAwArHMAcCa0=",
        "owner": "NixOS",
        "repo": "nixos-hardware",
        "rev": "d6c6cf6f5fead4057d8fb2d5f30aa8ac1727f177",
        "type": "github"
      },
      "original": {
        "owner": "NixOS",
        "ref": "master",
        "repo": "nixos-hardware",
        "type": "github"
      }
    },
    "nixpkgs": {
      "locked": {
        "lastModified": 1717646450,
        "narHash": "sha256-KE+UmfSVk5PG8jdKdclPVcMrUB8yVZHbsjo7ZT1Bm3c=",
        "owner": "nixos",
        "repo": "nixpkgs",
        "rev": "818dbe2f96df233d2041739d6079bb616d3e5597",
        "type": "github"
      },
      "original": {
        "owner": "nixos",
        "ref": "nixpkgs-unstable",
        "repo": "nixpkgs",
        "type": "github"
      }
    },
    "nixpkgs-stable": {
      "locked": {
        "lastModified": 1710695816,
        "narHash": "sha256-3Eh7fhEID17pv9ZxrPwCLfqXnYP006RKzSs0JptsN84=",
        "owner": "NixOS",
        "repo": "nixpkgs",
        "rev": "614b4613980a522ba49f0d194531beddbb7220d3",
        "type": "github"
      },
      "original": {
        "owner": "NixOS",
        "ref": "nixos-23.11",
        "repo": "nixpkgs",
        "type": "github"
      }
    },
    "null-ls-nvim": {
      "flake": false,
      "locked": {
        "lastModified": 1691810493,
        "narHash": "sha256-cWA0rzkOp/ekVKaFee7iea1lhnqKtWUIU+fW5M950wI=",
        "owner": "jose-elias-alvarez",
        "repo": "null-ls.nvim",
        "rev": "0010ea927ab7c09ef0ce9bf28c2b573fc302f5a7",
        "type": "github"
      },
      "original": {
        "owner": "jose-elias-alvarez",
        "repo": "null-ls.nvim",
        "type": "github"
      }
    },
    "nvim-cmp": {
      "flake": false,
      "locked": {
        "lastModified": 1715954188,
        "narHash": "sha256-GhXfnWqpXFVM7Yi9+qEXHfA6LIMILcMG9pP4VYXuptE=",
        "owner": "hrsh7th",
        "repo": "nvim-cmp",
        "rev": "5260e5e8ecadaf13e6b82cf867a909f54e15fd07",
        "type": "github"
      },
      "original": {
        "owner": "hrsh7th",
        "repo": "nvim-cmp",
        "type": "github"
      }
    },
    "nvim-cmp-buffer": {
      "flake": false,
      "locked": {
        "lastModified": 1660101488,
        "narHash": "sha256-dG4U7MtnXThoa/PD+qFtCt76MQ14V1wX8GMYcvxEnbM=",
        "owner": "hrsh7th",
        "repo": "cmp-buffer",
        "rev": "3022dbc9166796b644a841a02de8dd1cc1d311fa",
        "type": "github"
      },
      "original": {
        "owner": "hrsh7th",
        "repo": "cmp-buffer",
        "type": "github"
      }
    },
    "nvim-cmp-cmdline": {
      "flake": false,
      "locked": {
        "lastModified": 1711081050,
        "narHash": "sha256-iBmXp+gUSMbgfkv7c7RDQAwPq02e07wEnBETP0dWBOo=",
        "owner": "hrsh7th",
        "repo": "cmp-cmdline",
        "rev": "d250c63aa13ead745e3a40f61fdd3470efde3923",
        "type": "github"
      },
      "original": {
        "owner": "hrsh7th",
        "repo": "cmp-cmdline",
        "type": "github"
      }
    },
    "nvim-cmp-cmdline-history": {
      "flake": false,
      "locked": {
        "lastModified": 1651653950,
        "narHash": "sha256-IcruTOCNxYKmbo0St1U+CmrDStASPLe+rTLNU6/2Xew=",
        "owner": "dmitmel",
        "repo": "cmp-cmdline-history",
        "rev": "003573b72d4635ce636234a826fa8c4ba2895ffe",
        "type": "github"
      },
      "original": {
        "owner": "dmitmel",
        "repo": "cmp-cmdline-history",
        "type": "github"
      }
    },
    "nvim-cmp-lsp": {
      "flake": false,
      "locked": {
        "lastModified": 1715931395,
        "narHash": "sha256-CT1+Z4XJBVsl/RqvJeGmyitD6x7So0ylXvvef5jh7I8=",
        "owner": "hrsh7th",
        "repo": "cmp-nvim-lsp",
        "rev": "39e2eda76828d88b773cc27a3f61d2ad782c922d",
        "type": "github"
      },
      "original": {
        "owner": "hrsh7th",
        "repo": "cmp-nvim-lsp",
        "type": "github"
      }
    },
    "nvim-cmp-lsp-document-symbol": {
      "flake": false,
      "locked": {
        "lastModified": 1716967041,
        "narHash": "sha256-BBvG0/yEyYs+sLPtCYAgZLz9ccGAMBCMhgmwC+gZ3kc=",
        "owner": "hrsh7th",
        "repo": "cmp-nvim-lsp-document-symbol",
        "rev": "f94f7ba948e32cd302caba1c2ca3f7c697fb4fcf",
        "type": "github"
      },
      "original": {
        "owner": "hrsh7th",
        "repo": "cmp-nvim-lsp-document-symbol",
        "type": "github"
      }
    },
    "nvim-cmp-lsp-signature-help": {
      "flake": false,
      "locked": {
        "lastModified": 1715965063,
        "narHash": "sha256-tLMhkmdehH3IDlIdqJq6GHpudY0G05Asjir6p4aONyI=",
        "owner": "hrsh7th",
        "repo": "cmp-nvim-lsp-signature-help",
        "rev": "031e6ba70b0ad5eee49fd2120ff7a2e325b17fa7",
        "type": "github"
      },
      "original": {
        "owner": "hrsh7th",
        "repo": "cmp-nvim-lsp-signature-help",
        "type": "github"
      }
    },
    "nvim-cmp-path": {
      "flake": false,
      "locked": {
        "lastModified": 1664784283,
        "narHash": "sha256-thppiiV3wjIaZnAXmsh7j3DUc6ceSCvGzviwFUnoPaI=",
        "owner": "hrsh7th",
        "repo": "cmp-path",
        "rev": "91ff86cd9c29299a64f968ebb45846c485725f23",
        "type": "github"
      },
      "original": {
        "owner": "hrsh7th",
        "repo": "cmp-path",
        "type": "github"
      }
    },
    "nvim-cmp-snippy": {
      "flake": false,
      "locked": {
        "lastModified": 1697075062,
        "narHash": "sha256-suw8AGXLi48hB49otZlS+DzbhwPDC9ql34dX3ufLnNA=",
        "owner": "dcampos",
        "repo": "cmp-snippy",
        "rev": "6e39210aa3a74e2bf6462f492eaf0d436cd2b7d3",
        "type": "github"
      },
      "original": {
        "owner": "dcampos",
        "repo": "cmp-snippy",
        "type": "github"
      }
    },
    "nvim-cmp-treesitter": {
      "flake": false,
      "locked": {
        "lastModified": 1715596479,
        "narHash": "sha256-8WAk9S+/7vSz7bVHdEzjbKUokU144fvnByIeJ1gAWhU=",
        "owner": "ray-x",
        "repo": "cmp-treesitter",
        "rev": "958fcfa0d8ce46d215e19cc3992c542f576c4123",
        "type": "github"
      },
      "original": {
        "owner": "ray-x",
        "repo": "cmp-treesitter",
        "type": "github"
      }
    },
    "nvim-dap": {
      "flake": false,
      "locked": {
        "lastModified": 1699449954,
        "narHash": "sha256-ICnaELHfRhJ3hFTv55Vxpy2C7+tTreX/v3xUCQErlt8=",
        "owner": "mfussenegger",
        "repo": "nvim-dap",
        "rev": "9d81c11fd185a131f81841e64941859305f6c42d",
        "type": "github"
      },
      "original": {
        "owner": "mfussenegger",
        "ref": "0.7.0",
        "repo": "nvim-dap",
        "type": "github"
      }
    },
    "nvim-lspconfig": {
      "flake": false,
      "locked": {
        "lastModified": 1717681643,
        "narHash": "sha256-QlgLZx9Dp5ijSOxeicNcqm4G8YcF5aOZFJSiBclWuIY=",
        "owner": "neovim",
        "repo": "nvim-lspconfig",
        "rev": "92166b89ab4b3d60f24e58170cac53b7141fd032",
        "type": "github"
      },
      "original": {
        "owner": "neovim",
        "repo": "nvim-lspconfig",
        "type": "github"
      }
    },
    "nvim-plugins": {
      "inputs": {
        "dressing-nvim": "dressing-nvim",
        "flake-utils": [
          "flake-utils"
        ],
        "gitsigns-nvim": "gitsigns-nvim",
        "hardline-nvim": "hardline-nvim",
        "lir-nvim": "lir-nvim",
        "lspkind-nvim": "lspkind-nvim",
        "nixpkgs": [
          "nixpkgs"
        ],
        "null-ls-nvim": "null-ls-nvim",
        "nvim-cmp": "nvim-cmp",
        "nvim-cmp-buffer": "nvim-cmp-buffer",
        "nvim-cmp-cmdline": "nvim-cmp-cmdline",
        "nvim-cmp-cmdline-history": "nvim-cmp-cmdline-history",
        "nvim-cmp-lsp": "nvim-cmp-lsp",
        "nvim-cmp-lsp-document-symbol": "nvim-cmp-lsp-document-symbol",
        "nvim-cmp-lsp-signature-help": "nvim-cmp-lsp-signature-help",
        "nvim-cmp-path": "nvim-cmp-path",
        "nvim-cmp-snippy": "nvim-cmp-snippy",
        "nvim-cmp-treesitter": "nvim-cmp-treesitter",
        "nvim-dap": "nvim-dap",
        "nvim-lspconfig": "nvim-lspconfig",
        "nvim-snippy": "nvim-snippy",
        "nvim-treesitter": "nvim-treesitter",
        "nvim-treesitter-context": "nvim-treesitter-context",
        "nvim-treesitter-refactor": "nvim-treesitter-refactor",
        "nvim-treesitter-textobjects": "nvim-treesitter-textobjects",
        "plenary-nvim": "plenary-nvim",
        "popup-nvim": "popup-nvim",
        "telescope-nvim": "telescope-nvim",
        "telescope-zf-native-nvim": "telescope-zf-native-nvim",
        "trouble-nvim": "trouble-nvim",
        "vim-fugitive": "vim-fugitive",
        "vim-golden-size": "vim-golden-size",
        "vim-repeat": "vim-repeat",
        "which-key-nvim": "which-key-nvim"
      },
      "locked": {
        "lastModified": 1717763382,
        "narHash": "sha256-1gE7I0o9/sb2HHjcfTUp8e/AIspna52oQvpP6yUCaog=",
        "owner": "kitten",
        "repo": "system-nvim-plugins.nix",
        "rev": "5c47d168a9b02216ee53048f52a3fbc73cd19b78",
        "type": "github"
      },
      "original": {
        "owner": "kitten",
        "repo": "system-nvim-plugins.nix",
        "type": "github"
      }
    },
    "nvim-snippy": {
      "flake": false,
      "locked": {
        "lastModified": 1714530185,
        "narHash": "sha256-y5s6l21xhbOTQUnsPvvy/ERREYm+W3z2fFCRqi2P+FE=",
        "owner": "dcampos",
        "repo": "nvim-snippy",
        "rev": "1184a8734e998649f3bb9a5db9efd4543282050b",
        "type": "github"
      },
      "original": {
        "owner": "dcampos",
        "repo": "nvim-snippy",
        "type": "github"
      }
    },
    "nvim-treesitter": {
      "flake": false,
      "locked": {
        "lastModified": 1717743020,
        "narHash": "sha256-vc0hCtqEfl83M0098BHKitu2zr3IqnZLpAouDIBj0nM=",
        "owner": "nvim-treesitter",
        "repo": "nvim-treesitter",
        "rev": "c5cbd3ec74f6f5ddbac939e6f24b99fe78262b4c",
        "type": "github"
      },
      "original": {
        "owner": "nvim-treesitter",
        "repo": "nvim-treesitter",
        "type": "github"
      }
    },
    "nvim-treesitter-context": {
      "flake": false,
      "locked": {
        "lastModified": 1717341988,
        "narHash": "sha256-htro0Q+nRHubVyvkXSMqwic7UvQIgHN3Os+D0UYbfDU=",
        "owner": "nvim-treesitter",
        "repo": "nvim-treesitter-context",
        "rev": "5efba33af0f39942e426340da7bc15d7dec16474",
        "type": "github"
      },
      "original": {
        "owner": "nvim-treesitter",
        "repo": "nvim-treesitter-context",
        "type": "github"
      }
    },
    "nvim-treesitter-refactor": {
      "flake": false,
      "locked": {
        "lastModified": 1680645221,
        "narHash": "sha256-yzSkoH690qIEqvhiv0exeH7pS+J5ZVkqidEUOn0kb5M=",
        "owner": "nvim-treesitter",
        "repo": "nvim-treesitter-refactor",
        "rev": "65ad2eca822dfaec2a3603119ec3cc8826a7859e",
        "type": "github"
      },
      "original": {
        "owner": "nvim-treesitter",
        "repo": "nvim-treesitter-refactor",
        "type": "github"
      }
    },
    "nvim-treesitter-textobjects": {
      "flake": false,
      "locked": {
        "lastModified": 1717593730,
        "narHash": "sha256-/NY5hHwNmHEBHUWOX4qX9QCHPJU8grWsaEtD+pAXDjE=",
        "owner": "nvim-treesitter",
        "repo": "nvim-treesitter-textobjects",
        "rev": "34867c69838078df7d6919b130c0541c0b400c47",
        "type": "github"
      },
      "original": {
        "owner": "nvim-treesitter",
        "repo": "nvim-treesitter-textobjects",
        "type": "github"
      }
    },
    "plenary-nvim": {
      "flake": false,
      "locked": {
        "lastModified": 1716230027,
        "narHash": "sha256-5Jf2mWFVDofXBcXLbMa417mqlEPWLA+cQIZH/vNEV1g=",
        "owner": "nvim-lua",
        "repo": "plenary.nvim",
        "rev": "a3e3bc82a3f95c5ed0d7201546d5d2c19b20d683",
        "type": "github"
      },
      "original": {
        "owner": "nvim-lua",
        "repo": "plenary.nvim",
        "type": "github"
      }
    },
    "popup-nvim": {
      "flake": false,
      "locked": {
        "lastModified": 1637254091,
        "narHash": "sha256-dNWz/xovUg55fDZUpVs/2kLphk3lqQyvPtc9ATwbeSQ=",
        "owner": "nvim-lua",
        "repo": "popup.nvim",
        "rev": "b7404d35d5d3548a82149238289fa71f7f6de4ac",
        "type": "github"
      },
      "original": {
        "owner": "nvim-lua",
        "repo": "popup.nvim",
        "type": "github"
      }
    },
    "pre-commit-hooks-nix": {
      "inputs": {
        "flake-compat": [
          "lanzaboote",
          "flake-compat"
        ],
        "flake-utils": [
          "lanzaboote",
          "flake-utils"
        ],
        "gitignore": "gitignore",
        "nixpkgs": [
          "lanzaboote",
          "nixpkgs"
        ],
        "nixpkgs-stable": "nixpkgs-stable"
      },
      "locked": {
        "lastModified": 1710923068,
        "narHash": "sha256-6hOpUiuxuwpXXc/xfJsBUJeqqgGI+JMJuLo45aG3cKc=",
        "owner": "cachix",
        "repo": "pre-commit-hooks.nix",
        "rev": "e611897ddfdde3ed3eaac4758635d7177ff78673",
        "type": "github"
      },
      "original": {
        "owner": "cachix",
        "repo": "pre-commit-hooks.nix",
        "type": "github"
      }
    },
    "root": {
      "inputs": {
        "agenix": "agenix",
        "darwin": "darwin",
        "flake-utils": "flake-utils",
        "home-manager": "home-manager",
        "language-servers": "language-servers",
        "lanzaboote": "lanzaboote",
        "nixos-hardware": "nixos-hardware",
        "nixpkgs": "nixpkgs",
        "nvim-plugins": "nvim-plugins",
        "verdaccio": "verdaccio"
      }
    },
    "rust-overlay": {
      "inputs": {
        "flake-utils": [
          "lanzaboote",
          "flake-utils"
        ],
        "nixpkgs": [
          "lanzaboote",
          "nixpkgs"
        ]
      },
      "locked": {
        "lastModified": 1711246447,
        "narHash": "sha256-g9TOluObcOEKewFo2fR4cn51Y/jSKhRRo4QZckHLop0=",
        "owner": "oxalica",
        "repo": "rust-overlay",
        "rev": "dcc802a6ec4e9cc6a1c8c393327f0c42666f22e4",
        "type": "github"
      },
      "original": {
        "owner": "oxalica",
        "repo": "rust-overlay",
        "type": "github"
      }
    },
    "systems": {
      "locked": {
        "lastModified": 1681028828,
        "narHash": "sha256-Vy1rq5AaRuLzOxct8nz4T6wlgyUR7zLU309k9mBC768=",
        "owner": "nix-systems",
        "repo": "default",
        "rev": "da67096a3b9bf56a91d16901293e51ba5b49a27e",
        "type": "github"
      },
      "original": {
        "owner": "nix-systems",
        "repo": "default",
        "type": "github"
      }
    },
    "systems_2": {
      "locked": {
        "lastModified": 1681028828,
        "narHash": "sha256-Vy1rq5AaRuLzOxct8nz4T6wlgyUR7zLU309k9mBC768=",
        "owner": "nix-systems",
        "repo": "default",
        "rev": "da67096a3b9bf56a91d16901293e51ba5b49a27e",
        "type": "github"
      },
      "original": {
        "owner": "nix-systems",
        "repo": "default",
        "type": "github"
      }
    },
    "telescope-nvim": {
      "flake": false,
      "locked": {
        "lastModified": 1717003449,
        "narHash": "sha256-aCH6J4I8ZW4adCKjlYoVoH2laf9wAs8OvXxegHYDIr0=",
        "owner": "nvim-telescope",
        "repo": "telescope.nvim",
        "rev": "dfa230be84a044e7f546a6c2b0a403c739732b86",
        "type": "github"
      },
      "original": {
        "owner": "nvim-telescope",
        "repo": "telescope.nvim",
        "type": "github"
      }
    },
    "telescope-zf-native-nvim": {
      "flake": false,
      "locked": {
        "lastModified": 1715127547,
        "narHash": "sha256-LsAHiugxzN8kS4MljwZmJuCEgIQgtM27KjYDXwQgcRI=",
        "owner": "natecraddock",
        "repo": "telescope-zf-native.nvim",
        "rev": "242ee15047e3400351982ef162301a898ec5cdda",
        "type": "github"
      },
      "original": {
        "owner": "natecraddock",
        "repo": "telescope-zf-native.nvim",
        "type": "github"
      }
    },
    "trouble-nvim": {
      "flake": false,
      "locked": {
        "lastModified": 1717747463,
        "narHash": "sha256-Ad+zqU5wLk58UC8z+uWd8sDoofHJd+ttUDRf0jTondg=",
        "owner": "folke",
        "repo": "trouble.nvim",
        "rev": "c11dc2777d52da2c8da25836817e43608ec951a5",
        "type": "github"
      },
      "original": {
        "owner": "folke",
        "repo": "trouble.nvim",
        "type": "github"
      }
    },
    "verdaccio": {
      "inputs": {
        "flake-utils": [
          "flake-utils"
        ],
        "nixpkgs": [
          "nixpkgs"
        ]
      },
      "locked": {
        "lastModified": 1716358108,
        "narHash": "sha256-z+3PZpjNoaMgoQzcAhxAKU7WQRnkG2MJAQqZQyp+60U=",
        "owner": "kitten",
        "repo": "verdaccio.nix",
        "rev": "950859707eb77b0d774d3b9185089b9779ef3801",
        "type": "github"
      },
      "original": {
        "owner": "kitten",
        "repo": "verdaccio.nix",
        "type": "github"
      }
    },
    "vim-fugitive": {
      "flake": false,
      "locked": {
        "lastModified": 1716130336,
        "narHash": "sha256-nyNtb3nsS/zFdSNRyXabcGIabAwgivJIUFB2c62vXmA=",
        "owner": "tpope",
        "repo": "vim-fugitive",
        "rev": "4f59455d2388e113bd510e85b310d15b9228ca0d",
        "type": "github"
      },
      "original": {
        "owner": "tpope",
        "repo": "vim-fugitive",
        "type": "github"
      }
    },
    "vim-golden-size": {
      "flake": false,
      "locked": {
        "lastModified": 1588176185,
        "narHash": "sha256-NJF8uVudwAU3xEPGDjDjjuxbj4V35n5igdA9CQ2q2AU=",
        "owner": "dm1try",
        "repo": "golden_size",
        "rev": "301907c3bd877912ca3d4125c602a23f8c4a7c95",
        "type": "github"
      },
      "original": {
        "owner": "dm1try",
        "repo": "golden_size",
        "type": "github"
      }
    },
    "vim-repeat": {
      "flake": false,
      "locked": {
        "lastModified": 1611544268,
        "narHash": "sha256-8rfZa3uKXB3TRCqaDHZ6DfzNbm7WaYnLvmTNzYtnKHg=",
        "owner": "tpope",
        "repo": "vim-repeat",
        "rev": "24afe922e6a05891756ecf331f39a1f6743d3d5a",
        "type": "github"
      },
      "original": {
        "owner": "tpope",
        "repo": "vim-repeat",
        "type": "github"
      }
    },
    "which-key-nvim": {
      "flake": false,
      "locked": {
        "lastModified": 1697569805,
        "narHash": "sha256-EVGIe8wUoKdND40vuyqT6+EOY6aUFBpY8PXivvL3ZZM=",
        "owner": "folke",
        "repo": "which-key.nvim",
        "rev": "ce741eb559c924d72e3a67d2189ad3771a231414",
        "type": "github"
      },
      "original": {
        "owner": "folke",
        "ref": "v1.6.0",
        "repo": "which-key.nvim",
        "type": "github"
      }
    }
  },
  "root": "root",
  "version": 7
}
