{
  "nodes": {
    "agenix": {
      "inputs": {
        "darwin": [
          "darwin"
        ],
        "home-manager": [
          "home-manager"
        ],
        "nixpkgs": [
          "nixpkgs"
        ],
        "systems": "systems"
      },
      "locked": {
        "lastModified": 1736955230,
        "narHash": "sha256-uenf8fv2eG5bKM8C/UvFaiJMZ4IpUFaQxk9OH5t/1gA=",
        "owner": "ryantm",
        "repo": "agenix",
        "rev": "e600439ec4c273cf11e06fe4d9d906fb98fa097c",
        "type": "github"
      },
      "original": {
        "owner": "ryantm",
        "repo": "agenix",
        "type": "github"
      }
    },
    "android-sdk": {
      "inputs": {
        "devshell": "devshell",
        "flake-utils": [
          "flake-utils"
        ],
        "nixpkgs": [
          "nixpkgs"
        ]
      },
      "locked": {
        "lastModified": 1739650698,
        "narHash": "sha256-Tpgm+Rz1BMBNpJjbauN4Z/t7m1sa1mHJQiGTGvhJpRI=",
        "owner": "tadfisher",
        "repo": "android-nixpkgs",
        "rev": "b83dc5e3d5df9735cc34112cb93cc5628886080c",
        "type": "github"
      },
      "original": {
        "owner": "tadfisher",
        "ref": "stable",
        "repo": "android-nixpkgs",
        "type": "github"
      }
    },
    "apple-silicon": {
      "inputs": {
        "flake-compat": "flake-compat",
        "nixpkgs": [
          "nixpkgs"
        ]
      },
      "locked": {
        "lastModified": 1740250957,
        "narHash": "sha256-FTmaWVUuJY4ibBcAyTKGEv8EGqiUquSUg9kV+DAYZIo=",
        "owner": "kitten",
        "repo": "nixos-apple-silicon",
        "rev": "b27e311a81eba2cf149d36fabe550bab7994d355",
        "type": "github"
      },
      "original": {
        "owner": "kitten",
        "ref": "next",
        "repo": "nixos-apple-silicon",
        "type": "github"
      }
    },
    "autocomplete-nvim": {
      "flake": false,
      "locked": {
        "lastModified": 1732264304,
        "narHash": "sha256-hrrMRasnzuUkqnlIhDKNZMOs1fq4+6f+mUvTQKrNHE0=",
        "owner": "deathbeam",
        "repo": "autocomplete.nvim",
        "rev": "8aba452eb49418eb941c12368072686bbc374e06",
        "type": "github"
      },
      "original": {
        "owner": "deathbeam",
        "repo": "autocomplete.nvim",
        "type": "github"
      }
    },
    "crane": {
      "locked": {
        "lastModified": 1731098351,
        "narHash": "sha256-HQkYvKvaLQqNa10KEFGgWHfMAbWBfFp+4cAgkut+NNE=",
        "owner": "ipetkov",
        "repo": "crane",
        "rev": "ef80ead953c1b28316cc3f8613904edc2eb90c28",
        "type": "github"
      },
      "original": {
        "owner": "ipetkov",
        "repo": "crane",
        "type": "github"
      }
    },
    "darwin": {
      "inputs": {
        "nixpkgs": [
          "nixpkgs"
        ]
      },
      "locked": {
        "lastModified": 1739548217,
        "narHash": "sha256-rlv64erpr36xdmMDPgf9rhRXBYZ0BZb5nrw2ZPSk1sQ=",
        "owner": "lnl7",
        "repo": "nix-darwin",
        "rev": "678b22642abde2ee77ae2218ab41d802f010e5b0",
        "type": "github"
      },
      "original": {
        "owner": "lnl7",
        "repo": "nix-darwin",
        "type": "github"
      }
    },
    "devshell": {
      "inputs": {
        "nixpkgs": [
          "android-sdk",
          "nixpkgs"
        ]
      },
      "locked": {
        "lastModified": 1735644329,
        "narHash": "sha256-tO3HrHriyLvipc4xr+Ewtdlo7wM1OjXNjlWRgmM7peY=",
        "owner": "numtide",
        "repo": "devshell",
        "rev": "f7795ede5b02664b57035b3b757876703e2c3eac",
        "type": "github"
      },
      "original": {
        "owner": "numtide",
        "repo": "devshell",
        "type": "github"
      }
    },
    "dressing-nvim": {
      "flake": false,
      "locked": {
        "lastModified": 1718758096,
        "narHash": "sha256-0l0pCHBv/F1YRGfS4zx6hpYp8HFeqgyUHMl+eGlPhL0=",
        "owner": "stevearc",
        "repo": "dressing.nvim",
        "rev": "71349f24c6e07b39f33600985843c289ca735308",
        "type": "github"
      },
      "original": {
        "owner": "stevearc",
        "ref": "v2.2.2",
        "repo": "dressing.nvim",
        "type": "github"
      }
    },
    "flake-compat": {
      "locked": {
        "lastModified": 1688025799,
        "narHash": "sha256-ktpB4dRtnksm9F5WawoIkEneh1nrEvuxb5lJFt1iOyw=",
        "owner": "nix-community",
        "repo": "flake-compat",
        "rev": "8bf105319d44f6b9f0d764efa4fdef9f1cc9ba1c",
        "type": "github"
      },
      "original": {
        "owner": "nix-community",
        "repo": "flake-compat",
        "type": "github"
      }
    },
    "flake-compat_2": {
      "flake": false,
      "locked": {
        "lastModified": 1696426674,
        "narHash": "sha256-kvjfFW7WAETZlt09AgDn1MrtKzP7t90Vf7vypd3OL1U=",
        "owner": "edolstra",
        "repo": "flake-compat",
        "rev": "0f9255e01c2351cc7d116c072cb317785dd33b33",
        "type": "github"
      },
      "original": {
        "owner": "edolstra",
        "repo": "flake-compat",
        "type": "github"
      }
    },
    "flake-parts": {
      "inputs": {
        "nixpkgs-lib": [
          "lanzaboote",
          "nixpkgs"
        ]
      },
      "locked": {
        "lastModified": 1730504689,
        "narHash": "sha256-hgmguH29K2fvs9szpq2r3pz2/8cJd2LPS+b4tfNFCwE=",
        "owner": "hercules-ci",
        "repo": "flake-parts",
        "rev": "506278e768c2a08bec68eb62932193e341f55c90",
        "type": "github"
      },
      "original": {
        "owner": "hercules-ci",
        "repo": "flake-parts",
        "type": "github"
      }
    },
    "flake-utils": {
      "inputs": {
        "systems": "systems_2"
      },
      "locked": {
        "lastModified": 1731533236,
        "narHash": "sha256-l0KFg5HjrsfsO/JpG+r7fRrqm12kzFHyUHqHCVpMMbI=",
        "owner": "numtide",
        "repo": "flake-utils",
        "rev": "11707dc2f618dd54ca8739b309ec4fc024de578b",
        "type": "github"
      },
      "original": {
        "owner": "numtide",
        "repo": "flake-utils",
        "type": "github"
      }
    },
    "flake-utils_2": {
      "inputs": {
        "systems": "systems_3"
      },
      "locked": {
        "lastModified": 1726560853,
        "narHash": "sha256-X6rJYSESBVr3hBoH0WbKE5KvhPU5bloyZ2L4K60/fPQ=",
        "owner": "numtide",
        "repo": "flake-utils",
        "rev": "c1dfcf08411b08f6b8615f7d8971a2bfa81d5e8a",
        "type": "github"
      },
      "original": {
        "owner": "numtide",
        "repo": "flake-utils",
        "type": "github"
      }
    },
    "flakey-profile": {
      "locked": {
        "lastModified": 1712898590,
        "narHash": "sha256-FhGIEU93VHAChKEXx905TSiPZKga69bWl1VB37FK//I=",
        "owner": "lf-",
        "repo": "flakey-profile",
        "rev": "243c903fd8eadc0f63d205665a92d4df91d42d9d",
        "type": "github"
      },
      "original": {
        "owner": "lf-",
        "repo": "flakey-profile",
        "type": "github"
      }
    },
    "gitignore": {
      "inputs": {
        "nixpkgs": [
          "lanzaboote",
          "pre-commit-hooks-nix",
          "nixpkgs"
        ]
      },
      "locked": {
        "lastModified": 1709087332,
        "narHash": "sha256-HG2cCnktfHsKV0s4XW83gU3F57gaTljL9KNSuG6bnQs=",
        "owner": "hercules-ci",
        "repo": "gitignore.nix",
        "rev": "637db329424fd7e46cf4185293b9cc8c88c95394",
        "type": "github"
      },
      "original": {
        "owner": "hercules-ci",
        "repo": "gitignore.nix",
        "type": "github"
      }
    },
    "gitsigns-nvim": {
      "flake": false,
      "locked": {
        "lastModified": 1732361574,
        "narHash": "sha256-H7A+AxioiedSuC+jqRwP4c7DjZR/0j4o/fTUasT2urc=",
        "owner": "lewis6991",
        "repo": "gitsigns.nvim",
        "rev": "5f808b5e4fef30bd8aca1b803b4e555da07fc412",
        "type": "github"
      },
      "original": {
        "owner": "lewis6991",
        "repo": "gitsigns.nvim",
        "type": "github"
      }
    },
    "hardline-nvim": {
      "flake": false,
      "locked": {
        "lastModified": 1630662339,
        "narHash": "sha256-yeZTsVlKYFvfin8lHwYM5oVvaaEHP7tjl0bn/cFSBv4=",
        "owner": "ojroques",
        "repo": "nvim-hardline",
        "rev": "9a6998ff2af04ee86cf87e710fd9daa279726bdc",
        "type": "github"
      },
      "original": {
        "owner": "ojroques",
        "repo": "nvim-hardline",
        "rev": "9a6998ff2af04ee86cf87e710fd9daa279726bdc",
        "type": "github"
      }
    },
    "home-manager": {
      "inputs": {
        "nixpkgs": [
          "nixpkgs"
        ]
      },
      "locked": {
        "lastModified": 1739570999,
        "narHash": "sha256-eCc0/Q4bPpe4/AS+uzIrHLJcR6BxPQ69q2kD0/Qe6rU=",
        "owner": "nix-community",
        "repo": "home-manager",
        "rev": "254d47082e23dbf72fdeca1da6fe1da420f478d8",
        "type": "github"
      },
      "original": {
        "owner": "nix-community",
        "ref": "release-24.11",
        "repo": "home-manager",
        "type": "github"
      }
    },
    "language-servers": {
      "inputs": {
        "flake-utils": [
          "flake-utils"
        ],
        "nixpkgs": [
          "nixpkgs"
        ]
      },
      "locked": {
        "lastModified": 1738495084,
        "narHash": "sha256-2cAsozIzxOudNRLWTCMvvPAMOhUQX6cGPgt4loH0CxY=",
        "owner": "kitten",
        "repo": "language-servers.nix",
        "rev": "32313855138651e17a33294c325d4f593ba95ae6",
        "type": "github"
      },
      "original": {
        "owner": "kitten",
        "repo": "language-servers.nix",
        "type": "github"
      }
    },
    "lanzaboote": {
      "inputs": {
        "crane": "crane",
        "flake-compat": "flake-compat_2",
        "flake-parts": "flake-parts",
        "nixpkgs": [
          "nixpkgs"
        ],
        "pre-commit-hooks-nix": "pre-commit-hooks-nix",
        "rust-overlay": "rust-overlay"
      },
      "locked": {
        "lastModified": 1737639419,
        "narHash": "sha256-AEEDktApTEZ5PZXNDkry2YV2k6t0dTgLPEmAZbnigXU=",
        "owner": "nix-community",
        "repo": "lanzaboote",
        "rev": "a65905a09e2c43ff63be8c0e86a93712361f871e",
        "type": "github"
      },
      "original": {
        "owner": "nix-community",
        "ref": "v0.4.2",
        "repo": "lanzaboote",
        "type": "github"
      }
    },
    "lir-nvim": {
      "flake": false,
      "locked": {
        "lastModified": 1716735240,
        "narHash": "sha256-l19tu6Rg4PGU7FT/++4UJoCQ6wV7bbV8tWc0NDMlqzA=",
        "owner": "tamago324",
        "repo": "lir.nvim",
        "rev": "5b1a927cfee45845d7d4450a1e8f2f63cf0baaac",
        "type": "github"
      },
      "original": {
        "owner": "tamago324",
        "repo": "lir.nvim",
        "type": "github"
      }
    },
    "lix": {
      "flake": false,
      "locked": {
        "lastModified": 1729298361,
        "narHash": "sha256-hiGtfzxFkDc9TSYsb96Whg0vnqBVV7CUxyscZNhed0U=",
        "rev": "ad9d06f7838a25beec425ff406fe68721fef73be",
        "type": "tarball",
        "url": "https://git.lix.systems/api/v1/repos/lix-project/lix/archive/ad9d06f7838a25beec425ff406fe68721fef73be.tar.gz?rev=ad9d06f7838a25beec425ff406fe68721fef73be"
      },
      "original": {
        "type": "tarball",
        "url": "https://git.lix.systems/lix-project/lix/archive/2.91.1.tar.gz"
      }
    },
    "lix-module": {
      "inputs": {
        "flake-utils": "flake-utils_2",
        "flakey-profile": "flakey-profile",
        "lix": "lix",
        "nixpkgs": [
          "nixpkgs"
        ]
      },
      "locked": {
        "lastModified": 1732605668,
        "narHash": "sha256-DN5/166jhiiAW0Uw6nueXaGTueVxhfZISAkoxasmz/g=",
        "rev": "f19bd752910bbe3a861c9cad269bd078689d50fe",
        "type": "tarball",
        "url": "https://git.lix.systems/api/v1/repos/lix-project/nixos-module/archive/f19bd752910bbe3a861c9cad269bd078689d50fe.tar.gz?rev=f19bd752910bbe3a861c9cad269bd078689d50fe"
      },
      "original": {
        "type": "tarball",
        "url": "https://git.lix.systems/lix-project/nixos-module/archive/2.91.1-2.tar.gz"
      }
    },
    "lspkind-nvim": {
      "flake": false,
      "locked": {
        "lastModified": 1729872608,
        "narHash": "sha256-/ifgjqqCQw67l3+gUs00tt860pa92M1WYdjdZ0lhxak=",
        "owner": "onsails",
        "repo": "lspkind-nvim",
        "rev": "a700f1436d4a938b1a1a93c9962dc796afbaef4d",
        "type": "github"
      },
      "original": {
        "owner": "onsails",
        "repo": "lspkind-nvim",
        "type": "github"
      }
    },
    "mini-nvim": {
      "flake": false,
      "locked": {
        "lastModified": 1732270043,
        "narHash": "sha256-lDsAnA+pg2MoFDUOATRw09G1aQq1heeU7w+h9VNWciE=",
        "owner": "echasnovski",
        "repo": "mini.nvim",
        "rev": "ccfc6300a5c17387f2899f979ecc04f942bee2a0",
        "type": "github"
      },
      "original": {
        "owner": "echasnovski",
        "repo": "mini.nvim",
        "type": "github"
      }
    },
    "nixos-hardware": {
      "locked": {
        "lastModified": 1738816619,
        "narHash": "sha256-5yRlg48XmpcX5b5HesdGMOte+YuCy9rzQkJz+imcu6I=",
        "owner": "NixOS",
        "repo": "nixos-hardware",
        "rev": "2eccff41bab80839b1d25b303b53d339fbb07087",
        "type": "github"
      },
      "original": {
        "owner": "NixOS",
        "ref": "master",
        "repo": "nixos-hardware",
        "type": "github"
      }
    },
    "nixpkgs": {
      "locked": {
        "lastModified": 1739482815,
        "narHash": "sha256-/5Lwtmp/8j+ro32gXzitucSdyjJ6QehfJCL58WNA7N0=",
        "owner": "nixos",
        "repo": "nixpkgs",
        "rev": "ba0939c506a03c60a765cd7f7c43794816540eec",
        "type": "github"
      },
      "original": {
        "owner": "nixos",
        "ref": "nixpkgs-unstable",
        "repo": "nixpkgs",
        "type": "github"
      }
    },
    "nixpkgs-stable": {
      "locked": {
        "lastModified": 1730741070,
        "narHash": "sha256-edm8WG19kWozJ/GqyYx2VjW99EdhjKwbY3ZwdlPAAlo=",
        "owner": "NixOS",
        "repo": "nixpkgs",
        "rev": "d063c1dd113c91ab27959ba540c0d9753409edf3",
        "type": "github"
      },
      "original": {
        "owner": "NixOS",
        "ref": "nixos-24.05",
        "repo": "nixpkgs",
        "type": "github"
      }
    },
    "null-ls-nvim": {
      "flake": false,
      "locked": {
        "lastModified": 1691810493,
        "narHash": "sha256-cWA0rzkOp/ekVKaFee7iea1lhnqKtWUIU+fW5M950wI=",
        "owner": "jose-elias-alvarez",
        "repo": "null-ls.nvim",
        "rev": "0010ea927ab7c09ef0ce9bf28c2b573fc302f5a7",
        "type": "github"
      },
      "original": {
        "owner": "jose-elias-alvarez",
        "repo": "null-ls.nvim",
        "type": "github"
      }
    },
    "nvim-cmp": {
      "flake": false,
      "locked": {
        "lastModified": 1732503167,
        "narHash": "sha256-Rpb1rPYFQs74XzNQfj83o/l7bfM3GnYk+EqoDnz2JyM=",
        "owner": "hrsh7th",
        "repo": "nvim-cmp",
        "rev": "ed31156aa2cc14e3bc066c59357cc91536a2bc01",
        "type": "github"
      },
      "original": {
        "owner": "hrsh7th",
        "repo": "nvim-cmp",
        "type": "github"
      }
    },
    "nvim-cmp-lsp": {
      "flake": false,
      "locked": {
        "lastModified": 1715931395,
        "narHash": "sha256-CT1+Z4XJBVsl/RqvJeGmyitD6x7So0ylXvvef5jh7I8=",
        "owner": "hrsh7th",
        "repo": "cmp-nvim-lsp",
        "rev": "39e2eda76828d88b773cc27a3f61d2ad782c922d",
        "type": "github"
      },
      "original": {
        "owner": "hrsh7th",
        "repo": "cmp-nvim-lsp",
        "type": "github"
      }
    },
    "nvim-cmp-lsp-signature-help": {
      "flake": false,
      "locked": {
        "lastModified": 1715965063,
        "narHash": "sha256-tLMhkmdehH3IDlIdqJq6GHpudY0G05Asjir6p4aONyI=",
        "owner": "hrsh7th",
        "repo": "cmp-nvim-lsp-signature-help",
        "rev": "031e6ba70b0ad5eee49fd2120ff7a2e325b17fa7",
        "type": "github"
      },
      "original": {
        "owner": "hrsh7th",
        "repo": "cmp-nvim-lsp-signature-help",
        "type": "github"
      }
    },
    "nvim-cmp-treesitter": {
      "flake": false,
      "locked": {
        "lastModified": 1715596479,
        "narHash": "sha256-8WAk9S+/7vSz7bVHdEzjbKUokU144fvnByIeJ1gAWhU=",
        "owner": "ray-x",
        "repo": "cmp-treesitter",
        "rev": "958fcfa0d8ce46d215e19cc3992c542f576c4123",
        "type": "github"
      },
      "original": {
        "owner": "ray-x",
        "repo": "cmp-treesitter",
        "type": "github"
      }
    },
    "nvim-dap": {
      "flake": false,
      "locked": {
        "lastModified": 1699449954,
        "narHash": "sha256-ICnaELHfRhJ3hFTv55Vxpy2C7+tTreX/v3xUCQErlt8=",
        "owner": "mfussenegger",
        "repo": "nvim-dap",
        "rev": "9d81c11fd185a131f81841e64941859305f6c42d",
        "type": "github"
      },
      "original": {
        "owner": "mfussenegger",
        "ref": "0.7.0",
        "repo": "nvim-dap",
        "type": "github"
      }
    },
    "nvim-lspconfig": {
      "flake": false,
      "locked": {
        "lastModified": 1732619892,
        "narHash": "sha256-utZWBPaDIqXzYOVkoDRUWsL50dLZcglcKP1QhPa9Mm0=",
        "owner": "neovim",
        "repo": "nvim-lspconfig",
        "rev": "064221eed39e7dc81cf1d27c0d016f4b29a9aad1",
        "type": "github"
      },
      "original": {
        "owner": "neovim",
        "repo": "nvim-lspconfig",
        "type": "github"
      }
    },
    "nvim-plugins": {
      "inputs": {
        "autocomplete-nvim": "autocomplete-nvim",
        "dressing-nvim": "dressing-nvim",
        "flake-utils": [
          "flake-utils"
        ],
        "gitsigns-nvim": "gitsigns-nvim",
        "hardline-nvim": "hardline-nvim",
        "lir-nvim": "lir-nvim",
        "lspkind-nvim": "lspkind-nvim",
        "mini-nvim": "mini-nvim",
        "nixpkgs": [
          "nixpkgs"
        ],
        "null-ls-nvim": "null-ls-nvim",
        "nvim-cmp": "nvim-cmp",
        "nvim-cmp-lsp": "nvim-cmp-lsp",
        "nvim-cmp-lsp-signature-help": "nvim-cmp-lsp-signature-help",
        "nvim-cmp-treesitter": "nvim-cmp-treesitter",
        "nvim-dap": "nvim-dap",
        "nvim-lspconfig": "nvim-lspconfig",
        "nvim-treesitter": "nvim-treesitter",
        "nvim-treesitter-refactor": "nvim-treesitter-refactor",
        "nvim-treesitter-textobjects": "nvim-treesitter-textobjects",
        "oil-nvim": "oil-nvim",
        "plenary-nvim": "plenary-nvim",
        "popup-nvim": "popup-nvim",
        "telescope-nvim": "telescope-nvim",
        "telescope-zf-native-nvim": "telescope-zf-native-nvim",
        "trouble-nvim": "trouble-nvim",
        "vim-fugitive": "vim-fugitive",
        "vim-golden-size": "vim-golden-size",
        "vim-repeat": "vim-repeat",
        "which-key-nvim": "which-key-nvim"
      },
      "locked": {
        "lastModified": 1732627617,
        "narHash": "sha256-Whu1kME/xFk1BgACsLwMZxiBvimZWNwOYErDBarNvds=",
        "owner": "kitten",
        "repo": "system-nvim-plugins.nix",
        "rev": "7a52b5f5ecc432ae077485e3105e777d116b3232",
        "type": "github"
      },
      "original": {
        "owner": "kitten",
        "repo": "system-nvim-plugins.nix",
        "type": "github"
      }
    },
    "nvim-treesitter": {
      "flake": false,
      "locked": {
        "lastModified": 1732604102,
        "narHash": "sha256-1Fxt+aQW4fj4KY73uDV9UzAao55MkSgTZCtcAL4ksls=",
        "owner": "nvim-treesitter",
        "repo": "nvim-treesitter",
        "rev": "28591731d84c2fc18ddda60e1d53da24c31c4987",
        "type": "github"
      },
      "original": {
        "owner": "nvim-treesitter",
        "repo": "nvim-treesitter",
        "type": "github"
      }
    },
    "nvim-treesitter-refactor": {
      "flake": false,
      "locked": {
        "lastModified": 1726312917,
        "narHash": "sha256-q6AzZtGvrQ/QAZSF8cM3fd6myENm6eE1rI6fqvLzqlg=",
        "owner": "nvim-treesitter",
        "repo": "nvim-treesitter-refactor",
        "rev": "d8b74fa87afc6a1e97b18da23e762efb032dc270",
        "type": "github"
      },
      "original": {
        "owner": "nvim-treesitter",
        "repo": "nvim-treesitter-refactor",
        "type": "github"
      }
    },
    "nvim-treesitter-textobjects": {
      "flake": false,
      "locked": {
        "lastModified": 1732260993,
        "narHash": "sha256-b/7Bz7L83KL+uZC1bRJ4PrzPVK/NaCKSx4VCHlPcdCM=",
        "owner": "nvim-treesitter",
        "repo": "nvim-treesitter-textobjects",
        "rev": "ad8f0a472148c3e0ae9851e26a722ee4e29b1595",
        "type": "github"
      },
      "original": {
        "owner": "nvim-treesitter",
        "repo": "nvim-treesitter-textobjects",
        "type": "github"
      }
    },
    "oil-nvim": {
      "flake": false,
      "locked": {
        "lastModified": 1732554633,
        "narHash": "sha256-Ji76SrTxOzWqfqGlpteuEpoXihJaSrTbDZpkVttXmEs=",
        "owner": "stevearc",
        "repo": "oil.nvim",
        "rev": "3c2de37accead0240fbe812f5ccdedfe0b973557",
        "type": "github"
      },
      "original": {
        "owner": "stevearc",
        "repo": "oil.nvim",
        "type": "github"
      }
    },
    "plenary-nvim": {
      "flake": false,
      "locked": {
        "lastModified": 1726602776,
        "narHash": "sha256-bmmPekAvuBvLQmrnnX0n+FRBqfVxBsObhxIEkDGAla4=",
        "owner": "nvim-lua",
        "repo": "plenary.nvim",
        "rev": "2d9b06177a975543726ce5c73fca176cedbffe9d",
        "type": "github"
      },
      "original": {
        "owner": "nvim-lua",
        "repo": "plenary.nvim",
        "type": "github"
      }
    },
    "popup-nvim": {
      "flake": false,
      "locked": {
        "lastModified": 1637254091,
        "narHash": "sha256-dNWz/xovUg55fDZUpVs/2kLphk3lqQyvPtc9ATwbeSQ=",
        "owner": "nvim-lua",
        "repo": "popup.nvim",
        "rev": "b7404d35d5d3548a82149238289fa71f7f6de4ac",
        "type": "github"
      },
      "original": {
        "owner": "nvim-lua",
        "repo": "popup.nvim",
        "type": "github"
      }
    },
    "pre-commit-hooks-nix": {
      "inputs": {
        "flake-compat": [
          "lanzaboote",
          "flake-compat"
        ],
        "gitignore": "gitignore",
        "nixpkgs": [
          "lanzaboote",
          "nixpkgs"
        ],
        "nixpkgs-stable": "nixpkgs-stable"
      },
      "locked": {
        "lastModified": 1731363552,
        "narHash": "sha256-vFta1uHnD29VUY4HJOO/D6p6rxyObnf+InnSMT4jlMU=",
        "owner": "cachix",
        "repo": "pre-commit-hooks.nix",
        "rev": "cd1af27aa85026ac759d5d3fccf650abe7e1bbf0",
        "type": "github"
      },
      "original": {
        "owner": "cachix",
        "repo": "pre-commit-hooks.nix",
        "type": "github"
      }
    },
    "root": {
      "inputs": {
        "agenix": "agenix",
        "android-sdk": "android-sdk",
        "apple-silicon": "apple-silicon",
        "darwin": "darwin",
        "flake-utils": "flake-utils",
        "home-manager": "home-manager",
        "language-servers": "language-servers",
        "lanzaboote": "lanzaboote",
        "lix-module": "lix-module",
        "nixos-hardware": "nixos-hardware",
        "nixpkgs": "nixpkgs",
        "nvim-plugins": "nvim-plugins",
        "yeetmouse": "yeetmouse"
      }
    },
    "rust-overlay": {
      "inputs": {
        "nixpkgs": [
          "lanzaboote",
          "nixpkgs"
        ]
      },
      "locked": {
        "lastModified": 1731897198,
        "narHash": "sha256-Ou7vLETSKwmE/HRQz4cImXXJBr/k9gp4J4z/PF8LzTE=",
        "owner": "oxalica",
        "repo": "rust-overlay",
        "rev": "0be641045af6d8666c11c2c40e45ffc9667839b5",
        "type": "github"
      },
      "original": {
        "owner": "oxalica",
        "repo": "rust-overlay",
        "type": "github"
      }
    },
    "systems": {
      "locked": {
        "lastModified": 1681028828,
        "narHash": "sha256-Vy1rq5AaRuLzOxct8nz4T6wlgyUR7zLU309k9mBC768=",
        "owner": "nix-systems",
        "repo": "default",
        "rev": "da67096a3b9bf56a91d16901293e51ba5b49a27e",
        "type": "github"
      },
      "original": {
        "owner": "nix-systems",
        "repo": "default",
        "type": "github"
      }
    },
    "systems_2": {
      "locked": {
        "lastModified": 1681028828,
        "narHash": "sha256-Vy1rq5AaRuLzOxct8nz4T6wlgyUR7zLU309k9mBC768=",
        "owner": "nix-systems",
        "repo": "default",
        "rev": "da67096a3b9bf56a91d16901293e51ba5b49a27e",
        "type": "github"
      },
      "original": {
        "owner": "nix-systems",
        "repo": "default",
        "type": "github"
      }
    },
    "systems_3": {
      "locked": {
        "lastModified": 1681028828,
        "narHash": "sha256-Vy1rq5AaRuLzOxct8nz4T6wlgyUR7zLU309k9mBC768=",
        "owner": "nix-systems",
        "repo": "default",
        "rev": "da67096a3b9bf56a91d16901293e51ba5b49a27e",
        "type": "github"
      },
      "original": {
        "owner": "nix-systems",
        "repo": "default",
        "type": "github"
      }
    },
    "telescope-nvim": {
      "flake": false,
      "locked": {
        "lastModified": 1730164948,
        "narHash": "sha256-Qa/f+0asQvA8mhIUajC4BGZCI92OqA6ySVoQSC3ZY3s=",
        "owner": "nvim-telescope",
        "repo": "telescope.nvim",
        "rev": "85922dde3767e01d42a08e750a773effbffaea3e",
        "type": "github"
      },
      "original": {
        "owner": "nvim-telescope",
        "repo": "telescope.nvim",
        "type": "github"
      }
    },
    "telescope-zf-native-nvim": {
      "flake": false,
      "locked": {
        "lastModified": 1726409081,
        "narHash": "sha256-MCYnloqijGvmQRcdfMhYo5VkDNc4Yk35YCfNgbI1FcE=",
        "owner": "natecraddock",
        "repo": "telescope-zf-native.nvim",
        "rev": "5721be27df11a19b9cd95e6a4887f16f26599802",
        "type": "github"
      },
      "original": {
        "owner": "natecraddock",
        "repo": "telescope-zf-native.nvim",
        "type": "github"
      }
    },
    "trouble-nvim": {
      "flake": false,
      "locked": {
        "lastModified": 1721569998,
        "narHash": "sha256-OZRHGcCDgdby5CfR8M0zYkmdxIr5QGaiD/VLeNxAt3s=",
        "owner": "folke",
        "repo": "trouble.nvim",
        "rev": "40c5317a6e90fe3393f07b0fee580d9e93a216b4",
        "type": "github"
      },
      "original": {
        "owner": "folke",
        "ref": "v3.6.0",
        "repo": "trouble.nvim",
        "type": "github"
      }
    },
    "vim-fugitive": {
      "flake": false,
      "locked": {
        "lastModified": 1732036604,
        "narHash": "sha256-RGS2T6tHuFPZROU0W4Z6j6wMEiJmd8xuKv3qqM3XHPI=",
        "owner": "tpope",
        "repo": "vim-fugitive",
        "rev": "320b18fba2a4f2fe3c8225c778c687e0d2620384",
        "type": "github"
      },
      "original": {
        "owner": "tpope",
        "repo": "vim-fugitive",
        "type": "github"
      }
    },
    "vim-golden-size": {
      "flake": false,
      "locked": {
        "lastModified": 1588176185,
        "narHash": "sha256-NJF8uVudwAU3xEPGDjDjjuxbj4V35n5igdA9CQ2q2AU=",
        "owner": "dm1try",
        "repo": "golden_size",
        "rev": "301907c3bd877912ca3d4125c602a23f8c4a7c95",
        "type": "github"
      },
      "original": {
        "owner": "dm1try",
        "repo": "golden_size",
        "type": "github"
      }
    },
    "vim-repeat": {
      "flake": false,
      "locked": {
        "lastModified": 1720473942,
        "narHash": "sha256-G/dmkq1KtSHIl+I5p3LfO6mGPS3eyLRbEEsuLbTpGlk=",
        "owner": "tpope",
        "repo": "vim-repeat",
        "rev": "65846025c15494983dafe5e3b46c8f88ab2e9635",
        "type": "github"
      },
      "original": {
        "owner": "tpope",
        "repo": "vim-repeat",
        "type": "github"
      }
    },
    "which-key-nvim": {
      "flake": false,
      "locked": {
        "lastModified": 1697569805,
        "narHash": "sha256-EVGIe8wUoKdND40vuyqT6+EOY6aUFBpY8PXivvL3ZZM=",
        "owner": "folke",
        "repo": "which-key.nvim",
        "rev": "ce741eb559c924d72e3a67d2189ad3771a231414",
        "type": "github"
      },
      "original": {
        "owner": "folke",
        "ref": "v1.6.0",
        "repo": "which-key.nvim",
        "type": "github"
      }
    },
    "yeetmouse": {
      "inputs": {
        "nixpkgs": [
          "nixpkgs"
        ]
      },
      "locked": {
        "dir": "nix",
        "lastModified": 1738497157,
        "narHash": "sha256-mozvHu9RoKrK69KZIIxidJn6A511QKutt/9zvvKbtEU=",
        "owner": "kitten",
        "repo": "yeetmouse",
        "rev": "0877c6e8a6c478f42c9ad0edeecab6240c793a39",
        "type": "github"
      },
      "original": {
        "dir": "nix",
        "owner": "kitten",
        "ref": "next",
        "repo": "yeetmouse",
        "type": "github"
      }
    }
  },
  "root": "root",
  "version": 7
}
