{
  "nodes": {
    "agenix": {
      "inputs": {
        "darwin": [
          "darwin"
        ],
        "home-manager": [
          "home-manager"
        ],
        "nixpkgs": [
          "nixpkgs"
        ],
        "systems": "systems"
      },
      "locked": {
        "lastModified": 1720546205,
        "narHash": "sha256-boCXsjYVxDviyzoEyAk624600f3ZBo/DKtUdvMTpbGY=",
        "owner": "ryantm",
        "repo": "agenix",
        "rev": "de96bd907d5fbc3b14fc33ad37d1b9a3cb15edc6",
        "type": "github"
      },
      "original": {
        "owner": "ryantm",
        "repo": "agenix",
        "type": "github"
      }
    },
    "crane": {
      "inputs": {
        "nixpkgs": [
          "lanzaboote",
          "nixpkgs"
        ]
      },
      "locked": {
        "lastModified": 1718474113,
        "narHash": "sha256-UKrfy/46YF2TRnxTtKCYzqf2f5ZPRRWwKCCJb7O5X8U=",
        "owner": "ipetkov",
        "repo": "crane",
        "rev": "0095fd8ea00ae0a9e6014f39c375e40c2fbd3386",
        "type": "github"
      },
      "original": {
        "owner": "ipetkov",
        "repo": "crane",
        "type": "github"
      }
    },
    "darwin": {
      "inputs": {
        "nixpkgs": [
          "nixpkgs"
        ]
      },
      "locked": {
        "lastModified": 1720599442,
        "narHash": "sha256-jdm+sKVbBXoyrxcHbVaV0htlpq2iFR+eJw3Xe/DPcDo=",
        "owner": "lnl7",
        "repo": "nix-darwin",
        "rev": "cf297a8d248db6a455b60133f6c0029c04ebe50e",
        "type": "github"
      },
      "original": {
        "owner": "lnl7",
        "repo": "nix-darwin",
        "type": "github"
      }
    },
    "dressing-nvim": {
      "flake": false,
      "locked": {
        "lastModified": 1715888396,
        "narHash": "sha256-zL+u9SUwzPZEYxaGZiRnezNUkcr8ZkdOMyGKSXF5xcQ=",
        "owner": "stevearc",
        "repo": "dressing.nvim",
        "rev": "572314728cb1ce012e825fd66331f52c94acac12",
        "type": "github"
      },
      "original": {
        "owner": "stevearc",
        "ref": "v2.2.1",
        "repo": "dressing.nvim",
        "type": "github"
      }
    },
    "flake-compat": {
      "flake": false,
      "locked": {
        "lastModified": 1696426674,
        "narHash": "sha256-kvjfFW7WAETZlt09AgDn1MrtKzP7t90Vf7vypd3OL1U=",
        "owner": "edolstra",
        "repo": "flake-compat",
        "rev": "0f9255e01c2351cc7d116c072cb317785dd33b33",
        "type": "github"
      },
      "original": {
        "owner": "edolstra",
        "repo": "flake-compat",
        "type": "github"
      }
    },
    "flake-parts": {
      "inputs": {
        "nixpkgs-lib": [
          "lanzaboote",
          "nixpkgs"
        ]
      },
      "locked": {
        "lastModified": 1717285511,
        "narHash": "sha256-iKzJcpdXih14qYVcZ9QC9XuZYnPc6T8YImb6dX166kw=",
        "owner": "hercules-ci",
        "repo": "flake-parts",
        "rev": "2a55567fcf15b1b1c7ed712a2c6fadaec7412ea8",
        "type": "github"
      },
      "original": {
        "owner": "hercules-ci",
        "repo": "flake-parts",
        "type": "github"
      }
    },
    "flake-utils": {
      "inputs": {
        "systems": "systems_2"
      },
      "locked": {
        "lastModified": 1710146030,
        "narHash": "sha256-SZ5L6eA7HJ/nmkzGG7/ISclqe6oZdOZTNoesiInkXPQ=",
        "owner": "numtide",
        "repo": "flake-utils",
        "rev": "b1d9ab70662946ef0850d488da1c9019f3a9752a",
        "type": "github"
      },
      "original": {
        "owner": "numtide",
        "repo": "flake-utils",
        "type": "github"
      }
    },
    "gitignore": {
      "inputs": {
        "nixpkgs": [
          "lanzaboote",
          "pre-commit-hooks-nix",
          "nixpkgs"
        ]
      },
      "locked": {
        "lastModified": 1709087332,
        "narHash": "sha256-HG2cCnktfHsKV0s4XW83gU3F57gaTljL9KNSuG6bnQs=",
        "owner": "hercules-ci",
        "repo": "gitignore.nix",
        "rev": "637db329424fd7e46cf4185293b9cc8c88c95394",
        "type": "github"
      },
      "original": {
        "owner": "hercules-ci",
        "repo": "gitignore.nix",
        "type": "github"
      }
    },
    "gitsigns-nvim": {
      "flake": false,
      "locked": {
        "lastModified": 1717763051,
        "narHash": "sha256-FWcjFwprIeDRMKhurJtGqCfI4mP4fQNQY8szjnjuOCc=",
        "owner": "lewis6991",
        "repo": "gitsigns.nvim",
        "rev": "4a143f13e122ab91abdc88f89eefbe70a4858a56",
        "type": "github"
      },
      "original": {
        "owner": "lewis6991",
        "repo": "gitsigns.nvim",
        "type": "github"
      }
    },
    "hardline-nvim": {
      "flake": false,
      "locked": {
        "lastModified": 1630662339,
        "narHash": "sha256-yeZTsVlKYFvfin8lHwYM5oVvaaEHP7tjl0bn/cFSBv4=",
        "owner": "ojroques",
        "repo": "nvim-hardline",
        "rev": "9a6998ff2af04ee86cf87e710fd9daa279726bdc",
        "type": "github"
      },
      "original": {
        "owner": "ojroques",
        "repo": "nvim-hardline",
        "rev": "9a6998ff2af04ee86cf87e710fd9daa279726bdc",
        "type": "github"
      }
    },
    "home-manager": {
      "inputs": {
        "nixpkgs": [
          "nixpkgs"
        ]
      },
      "locked": {
        "lastModified": 1716729631,
        "narHash": "sha256-IerjU5GUeKc0eW9FPOdlPveSGJ2ZrO+lIfuHPUmUF2I=",
        "owner": "nix-community",
        "repo": "home-manager",
        "rev": "fc4492181833eaaa7a26a8081c0615d95792d825",
        "type": "github"
      },
      "original": {
        "owner": "nix-community",
        "ref": "release-23.05",
        "repo": "home-manager",
        "type": "github"
      }
    },
    "language-servers": {
      "inputs": {
        "flake-utils": [
          "flake-utils"
        ],
        "nixpkgs": [
          "nixpkgs"
        ]
      },
      "locked": {
        "lastModified": 1720772331,
        "narHash": "sha256-B0ik8BtyS1wZKmhG5uMEWCWDpbcgaHv0vtXA5eO5Z6Q=",
        "owner": "kitten",
        "repo": "language-servers.nix",
        "rev": "098ef4fe415fac4159d3a8d7e2fd4c7bae41a8e2",
        "type": "github"
      },
      "original": {
        "owner": "kitten",
        "repo": "language-servers.nix",
        "type": "github"
      }
    },
    "lanzaboote": {
      "inputs": {
        "crane": "crane",
        "flake-compat": "flake-compat",
        "flake-parts": "flake-parts",
        "flake-utils": [
          "flake-utils"
        ],
        "nixpkgs": [
          "nixpkgs"
        ],
        "pre-commit-hooks-nix": "pre-commit-hooks-nix",
        "rust-overlay": "rust-overlay"
      },
      "locked": {
        "lastModified": 1719818887,
        "narHash": "sha256-Bogl1pJlgby7OpR16jp8zwOWV7FHRxCsnNxHcisyIq0=",
        "owner": "nix-community",
        "repo": "lanzaboote",
        "rev": "0e6457c98547ec8866714d4222545e7e8c1ae429",
        "type": "github"
      },
      "original": {
        "owner": "nix-community",
        "repo": "lanzaboote",
        "type": "github"
      }
    },
    "lir-nvim": {
      "flake": false,
      "locked": {
        "lastModified": 1716735240,
        "narHash": "sha256-l19tu6Rg4PGU7FT/++4UJoCQ6wV7bbV8tWc0NDMlqzA=",
        "owner": "tamago324",
        "repo": "lir.nvim",
        "rev": "5b1a927cfee45845d7d4450a1e8f2f63cf0baaac",
        "type": "github"
      },
      "original": {
        "owner": "tamago324",
        "repo": "lir.nvim",
        "type": "github"
      }
    },
    "lspkind-nvim": {
      "flake": false,
      "locked": {
        "lastModified": 1704982040,
        "narHash": "sha256-/QLdBU/Zwmkw1NGuLBD48tvrmIP9d9WHhgcLEQgRTWo=",
        "owner": "onsails",
        "repo": "lspkind-nvim",
        "rev": "1735dd5a5054c1fb7feaf8e8658dbab925f4f0cf",
        "type": "github"
      },
      "original": {
        "owner": "onsails",
        "repo": "lspkind-nvim",
        "type": "github"
      }
    },
    "nixos-hardware": {
      "locked": {
        "lastModified": 1720737798,
        "narHash": "sha256-G/OtEAts7ZUvW5lrGMXSb8HqRp2Jr9I7reBuvCOL54w=",
        "owner": "NixOS",
        "repo": "nixos-hardware",
        "rev": "c5013aa7ce2c7ec90acee5d965d950c8348db751",
        "type": "github"
      },
      "original": {
        "owner": "NixOS",
        "ref": "master",
        "repo": "nixos-hardware",
        "type": "github"
      }
    },
    "nixpkgs": {
      "locked": {
        "lastModified": 1720687749,
        "narHash": "sha256-nqJ+iK/zyqCJ/YShqCpZ2cJKE1UtjZIEUWLUFZqvxcA=",
        "owner": "nixos",
        "repo": "nixpkgs",
        "rev": "6af55cb91ca2005516b9562f707bb99c8f79bf77",
        "type": "github"
      },
      "original": {
        "owner": "nixos",
        "ref": "nixpkgs-unstable",
        "repo": "nixpkgs",
        "type": "github"
      }
    },
    "nixpkgs-stable": {
      "locked": {
        "lastModified": 1710695816,
        "narHash": "sha256-3Eh7fhEID17pv9ZxrPwCLfqXnYP006RKzSs0JptsN84=",
        "owner": "NixOS",
        "repo": "nixpkgs",
        "rev": "614b4613980a522ba49f0d194531beddbb7220d3",
        "type": "github"
      },
      "original": {
        "owner": "NixOS",
        "ref": "nixos-23.11",
        "repo": "nixpkgs",
        "type": "github"
      }
    },
    "null-ls-nvim": {
      "flake": false,
      "locked": {
        "lastModified": 1691810493,
        "narHash": "sha256-cWA0rzkOp/ekVKaFee7iea1lhnqKtWUIU+fW5M950wI=",
        "owner": "jose-elias-alvarez",
        "repo": "null-ls.nvim",
        "rev": "0010ea927ab7c09ef0ce9bf28c2b573fc302f5a7",
        "type": "github"
      },
      "original": {
        "owner": "jose-elias-alvarez",
        "repo": "null-ls.nvim",
        "type": "github"
      }
    },
    "nvim-cmp": {
      "flake": false,
      "locked": {
        "lastModified": 1717829983,
        "narHash": "sha256-7tEfEjWH5pneI10jLYpenoysRQPa2zPGLTNcbMX3x2I=",
        "owner": "hrsh7th",
        "repo": "nvim-cmp",
        "rev": "a110e12d0b58eefcf5b771f533fc2cf3050680ac",
        "type": "github"
      },
      "original": {
        "owner": "hrsh7th",
        "repo": "nvim-cmp",
        "type": "github"
      }
    },
    "nvim-cmp-buffer": {
      "flake": false,
      "locked": {
        "lastModified": 1660101488,
        "narHash": "sha256-dG4U7MtnXThoa/PD+qFtCt76MQ14V1wX8GMYcvxEnbM=",
        "owner": "hrsh7th",
        "repo": "cmp-buffer",
        "rev": "3022dbc9166796b644a841a02de8dd1cc1d311fa",
        "type": "github"
      },
      "original": {
        "owner": "hrsh7th",
        "repo": "cmp-buffer",
        "type": "github"
      }
    },
    "nvim-cmp-cmdline": {
      "flake": false,
      "locked": {
        "lastModified": 1711081050,
        "narHash": "sha256-iBmXp+gUSMbgfkv7c7RDQAwPq02e07wEnBETP0dWBOo=",
        "owner": "hrsh7th",
        "repo": "cmp-cmdline",
        "rev": "d250c63aa13ead745e3a40f61fdd3470efde3923",
        "type": "github"
      },
      "original": {
        "owner": "hrsh7th",
        "repo": "cmp-cmdline",
        "type": "github"
      }
    },
    "nvim-cmp-cmdline-history": {
      "flake": false,
      "locked": {
        "lastModified": 1651653950,
        "narHash": "sha256-IcruTOCNxYKmbo0St1U+CmrDStASPLe+rTLNU6/2Xew=",
        "owner": "dmitmel",
        "repo": "cmp-cmdline-history",
        "rev": "003573b72d4635ce636234a826fa8c4ba2895ffe",
        "type": "github"
      },
      "original": {
        "owner": "dmitmel",
        "repo": "cmp-cmdline-history",
        "type": "github"
      }
    },
    "nvim-cmp-lsp": {
      "flake": false,
      "locked": {
        "lastModified": 1715931395,
        "narHash": "sha256-CT1+Z4XJBVsl/RqvJeGmyitD6x7So0ylXvvef5jh7I8=",
        "owner": "hrsh7th",
        "repo": "cmp-nvim-lsp",
        "rev": "39e2eda76828d88b773cc27a3f61d2ad782c922d",
        "type": "github"
      },
      "original": {
        "owner": "hrsh7th",
        "repo": "cmp-nvim-lsp",
        "type": "github"
      }
    },
    "nvim-cmp-lsp-document-symbol": {
      "flake": false,
      "locked": {
        "lastModified": 1716967041,
        "narHash": "sha256-BBvG0/yEyYs+sLPtCYAgZLz9ccGAMBCMhgmwC+gZ3kc=",
        "owner": "hrsh7th",
        "repo": "cmp-nvim-lsp-document-symbol",
        "rev": "f94f7ba948e32cd302caba1c2ca3f7c697fb4fcf",
        "type": "github"
      },
      "original": {
        "owner": "hrsh7th",
        "repo": "cmp-nvim-lsp-document-symbol",
        "type": "github"
      }
    },
    "nvim-cmp-lsp-signature-help": {
      "flake": false,
      "locked": {
        "lastModified": 1715965063,
        "narHash": "sha256-tLMhkmdehH3IDlIdqJq6GHpudY0G05Asjir6p4aONyI=",
        "owner": "hrsh7th",
        "repo": "cmp-nvim-lsp-signature-help",
        "rev": "031e6ba70b0ad5eee49fd2120ff7a2e325b17fa7",
        "type": "github"
      },
      "original": {
        "owner": "hrsh7th",
        "repo": "cmp-nvim-lsp-signature-help",
        "type": "github"
      }
    },
    "nvim-cmp-path": {
      "flake": false,
      "locked": {
        "lastModified": 1664784283,
        "narHash": "sha256-thppiiV3wjIaZnAXmsh7j3DUc6ceSCvGzviwFUnoPaI=",
        "owner": "hrsh7th",
        "repo": "cmp-path",
        "rev": "91ff86cd9c29299a64f968ebb45846c485725f23",
        "type": "github"
      },
      "original": {
        "owner": "hrsh7th",
        "repo": "cmp-path",
        "type": "github"
      }
    },
    "nvim-cmp-snippy": {
      "flake": false,
      "locked": {
        "lastModified": 1697075062,
        "narHash": "sha256-suw8AGXLi48hB49otZlS+DzbhwPDC9ql34dX3ufLnNA=",
        "owner": "dcampos",
        "repo": "cmp-snippy",
        "rev": "6e39210aa3a74e2bf6462f492eaf0d436cd2b7d3",
        "type": "github"
      },
      "original": {
        "owner": "dcampos",
        "repo": "cmp-snippy",
        "type": "github"
      }
    },
    "nvim-cmp-treesitter": {
      "flake": false,
      "locked": {
        "lastModified": 1715596479,
        "narHash": "sha256-8WAk9S+/7vSz7bVHdEzjbKUokU144fvnByIeJ1gAWhU=",
        "owner": "ray-x",
        "repo": "cmp-treesitter",
        "rev": "958fcfa0d8ce46d215e19cc3992c542f576c4123",
        "type": "github"
      },
      "original": {
        "owner": "ray-x",
        "repo": "cmp-treesitter",
        "type": "github"
      }
    },
    "nvim-dap": {
      "flake": false,
      "locked": {
        "lastModified": 1699449954,
        "narHash": "sha256-ICnaELHfRhJ3hFTv55Vxpy2C7+tTreX/v3xUCQErlt8=",
        "owner": "mfussenegger",
        "repo": "nvim-dap",
        "rev": "9d81c11fd185a131f81841e64941859305f6c42d",
        "type": "github"
      },
      "original": {
        "owner": "mfussenegger",
        "ref": "0.7.0",
        "repo": "nvim-dap",
        "type": "github"
      }
    },
    "nvim-lspconfig": {
      "flake": false,
      "locked": {
        "lastModified": 1717999798,
        "narHash": "sha256-dR7BhVVxf9+lK0fD89yPMNYphpzmD/Gkco+vQWpfRio=",
        "owner": "neovim",
        "repo": "nvim-lspconfig",
        "rev": "4d38bece98300e3e5cd24a9aa0d0ebfea4951c16",
        "type": "github"
      },
      "original": {
        "owner": "neovim",
        "repo": "nvim-lspconfig",
        "type": "github"
      }
    },
    "nvim-plugins": {
      "inputs": {
        "dressing-nvim": "dressing-nvim",
        "flake-utils": [
          "flake-utils"
        ],
        "gitsigns-nvim": "gitsigns-nvim",
        "hardline-nvim": "hardline-nvim",
        "lir-nvim": "lir-nvim",
        "lspkind-nvim": "lspkind-nvim",
        "nixpkgs": [
          "nixpkgs"
        ],
        "null-ls-nvim": "null-ls-nvim",
        "nvim-cmp": "nvim-cmp",
        "nvim-cmp-buffer": "nvim-cmp-buffer",
        "nvim-cmp-cmdline": "nvim-cmp-cmdline",
        "nvim-cmp-cmdline-history": "nvim-cmp-cmdline-history",
        "nvim-cmp-lsp": "nvim-cmp-lsp",
        "nvim-cmp-lsp-document-symbol": "nvim-cmp-lsp-document-symbol",
        "nvim-cmp-lsp-signature-help": "nvim-cmp-lsp-signature-help",
        "nvim-cmp-path": "nvim-cmp-path",
        "nvim-cmp-snippy": "nvim-cmp-snippy",
        "nvim-cmp-treesitter": "nvim-cmp-treesitter",
        "nvim-dap": "nvim-dap",
        "nvim-lspconfig": "nvim-lspconfig",
        "nvim-snippy": "nvim-snippy",
        "nvim-treesitter": "nvim-treesitter",
        "nvim-treesitter-context": "nvim-treesitter-context",
        "nvim-treesitter-refactor": "nvim-treesitter-refactor",
        "nvim-treesitter-textobjects": "nvim-treesitter-textobjects",
        "plenary-nvim": "plenary-nvim",
        "popup-nvim": "popup-nvim",
        "telescope-nvim": "telescope-nvim",
        "telescope-zf-native-nvim": "telescope-zf-native-nvim",
        "trouble-nvim": "trouble-nvim",
        "vim-fugitive": "vim-fugitive",
        "vim-golden-size": "vim-golden-size",
        "vim-repeat": "vim-repeat",
        "which-key-nvim": "which-key-nvim"
      },
      "locked": {
        "lastModified": 1718186643,
        "narHash": "sha256-uqy8290c0EeoDZ6+t1JVnw/m0CjLO9Mo9HPy/393E5A=",
        "owner": "kitten",
        "repo": "system-nvim-plugins.nix",
        "rev": "832cc662f0d9fc8a9c19b6e570072282f606ec08",
        "type": "github"
      },
      "original": {
        "owner": "kitten",
        "repo": "system-nvim-plugins.nix",
        "type": "github"
      }
    },
    "nvim-snippy": {
      "flake": false,
      "locked": {
        "lastModified": 1718059758,
        "narHash": "sha256-bH+dZBXtpVLPn/ZhGy49Gzz51HRzbv9TxpUnXm1AnDM=",
        "owner": "dcampos",
        "repo": "nvim-snippy",
        "rev": "f25299bd83f4257d0e4d00bcb90578ddd248ae3a",
        "type": "github"
      },
      "original": {
        "owner": "dcampos",
        "repo": "nvim-snippy",
        "type": "github"
      }
    },
    "nvim-treesitter": {
      "flake": false,
      "locked": {
        "lastModified": 1718180702,
        "narHash": "sha256-2y9zENqLv/EwLJrtHXnIk+4j87kXbfmuDTL4HSFg7Rg=",
        "owner": "nvim-treesitter",
        "repo": "nvim-treesitter",
        "rev": "26171d8f105d97746371d1b6c07c8d88bf13fec2",
        "type": "github"
      },
      "original": {
        "owner": "nvim-treesitter",
        "repo": "nvim-treesitter",
        "type": "github"
      }
    },
    "nvim-treesitter-context": {
      "flake": false,
      "locked": {
        "lastModified": 1717341988,
        "narHash": "sha256-htro0Q+nRHubVyvkXSMqwic7UvQIgHN3Os+D0UYbfDU=",
        "owner": "nvim-treesitter",
        "repo": "nvim-treesitter-context",
        "rev": "5efba33af0f39942e426340da7bc15d7dec16474",
        "type": "github"
      },
      "original": {
        "owner": "nvim-treesitter",
        "repo": "nvim-treesitter-context",
        "type": "github"
      }
    },
    "nvim-treesitter-refactor": {
      "flake": false,
      "locked": {
        "lastModified": 1680645221,
        "narHash": "sha256-yzSkoH690qIEqvhiv0exeH7pS+J5ZVkqidEUOn0kb5M=",
        "owner": "nvim-treesitter",
        "repo": "nvim-treesitter-refactor",
        "rev": "65ad2eca822dfaec2a3603119ec3cc8826a7859e",
        "type": "github"
      },
      "original": {
        "owner": "nvim-treesitter",
        "repo": "nvim-treesitter-refactor",
        "type": "github"
      }
    },
    "nvim-treesitter-textobjects": {
      "flake": false,
      "locked": {
        "lastModified": 1717593730,
        "narHash": "sha256-/NY5hHwNmHEBHUWOX4qX9QCHPJU8grWsaEtD+pAXDjE=",
        "owner": "nvim-treesitter",
        "repo": "nvim-treesitter-textobjects",
        "rev": "34867c69838078df7d6919b130c0541c0b400c47",
        "type": "github"
      },
      "original": {
        "owner": "nvim-treesitter",
        "repo": "nvim-treesitter-textobjects",
        "type": "github"
      }
    },
    "plenary-nvim": {
      "flake": false,
      "locked": {
        "lastModified": 1716230027,
        "narHash": "sha256-5Jf2mWFVDofXBcXLbMa417mqlEPWLA+cQIZH/vNEV1g=",
        "owner": "nvim-lua",
        "repo": "plenary.nvim",
        "rev": "a3e3bc82a3f95c5ed0d7201546d5d2c19b20d683",
        "type": "github"
      },
      "original": {
        "owner": "nvim-lua",
        "repo": "plenary.nvim",
        "type": "github"
      }
    },
    "popup-nvim": {
      "flake": false,
      "locked": {
        "lastModified": 1637254091,
        "narHash": "sha256-dNWz/xovUg55fDZUpVs/2kLphk3lqQyvPtc9ATwbeSQ=",
        "owner": "nvim-lua",
        "repo": "popup.nvim",
        "rev": "b7404d35d5d3548a82149238289fa71f7f6de4ac",
        "type": "github"
      },
      "original": {
        "owner": "nvim-lua",
        "repo": "popup.nvim",
        "type": "github"
      }
    },
    "pre-commit-hooks-nix": {
      "inputs": {
        "flake-compat": [
          "lanzaboote",
          "flake-compat"
        ],
        "gitignore": "gitignore",
        "nixpkgs": [
          "lanzaboote",
          "nixpkgs"
        ],
        "nixpkgs-stable": "nixpkgs-stable"
      },
      "locked": {
        "lastModified": 1717664902,
        "narHash": "sha256-7XfBuLULizXjXfBYy/VV+SpYMHreNRHk9nKMsm1bgb4=",
        "owner": "cachix",
        "repo": "pre-commit-hooks.nix",
        "rev": "cc4d466cb1254af050ff7bdf47f6d404a7c646d1",
        "type": "github"
      },
      "original": {
        "owner": "cachix",
        "repo": "pre-commit-hooks.nix",
        "type": "github"
      }
    },
    "root": {
      "inputs": {
        "agenix": "agenix",
        "darwin": "darwin",
        "flake-utils": "flake-utils",
        "home-manager": "home-manager",
        "language-servers": "language-servers",
        "lanzaboote": "lanzaboote",
        "nixos-hardware": "nixos-hardware",
        "nixpkgs": "nixpkgs",
        "nvim-plugins": "nvim-plugins",
        "verdaccio": "verdaccio"
      }
    },
    "rust-overlay": {
      "inputs": {
        "flake-utils": [
          "lanzaboote",
          "flake-utils"
        ],
        "nixpkgs": [
          "lanzaboote",
          "nixpkgs"
        ]
      },
      "locked": {
        "lastModified": 1718504420,
        "narHash": "sha256-F2HT/abCfr0CDpkvXwYCscJyD66XDTLMVfdrIMRp2ck=",
        "owner": "oxalica",
        "repo": "rust-overlay",
        "rev": "0043c3f92304823cc2c0a4354b0feaa61dfb4cd9",
        "type": "github"
      },
      "original": {
        "owner": "oxalica",
        "repo": "rust-overlay",
        "type": "github"
      }
    },
    "systems": {
      "locked": {
        "lastModified": 1681028828,
        "narHash": "sha256-Vy1rq5AaRuLzOxct8nz4T6wlgyUR7zLU309k9mBC768=",
        "owner": "nix-systems",
        "repo": "default",
        "rev": "da67096a3b9bf56a91d16901293e51ba5b49a27e",
        "type": "github"
      },
      "original": {
        "owner": "nix-systems",
        "repo": "default",
        "type": "github"
      }
    },
    "systems_2": {
      "locked": {
        "lastModified": 1681028828,
        "narHash": "sha256-Vy1rq5AaRuLzOxct8nz4T6wlgyUR7zLU309k9mBC768=",
        "owner": "nix-systems",
        "repo": "default",
        "rev": "da67096a3b9bf56a91d16901293e51ba5b49a27e",
        "type": "github"
      },
      "original": {
        "owner": "nix-systems",
        "repo": "default",
        "type": "github"
      }
    },
    "telescope-nvim": {
      "flake": false,
      "locked": {
        "lastModified": 1717942246,
        "narHash": "sha256-wiKpQZJfZ/kkZAid9PiER4RSJLHnTrZfYrfqzjPWKYs=",
        "owner": "nvim-telescope",
        "repo": "telescope.nvim",
        "rev": "f12b15e1b3a33524eb06a1ae7bc852fb1fd92197",
        "type": "github"
      },
      "original": {
        "owner": "nvim-telescope",
        "repo": "telescope.nvim",
        "type": "github"
      }
    },
    "telescope-zf-native-nvim": {
      "flake": false,
      "locked": {
        "lastModified": 1715127547,
        "narHash": "sha256-LsAHiugxzN8kS4MljwZmJuCEgIQgtM27KjYDXwQgcRI=",
        "owner": "natecraddock",
        "repo": "telescope-zf-native.nvim",
        "rev": "242ee15047e3400351982ef162301a898ec5cdda",
        "type": "github"
      },
      "original": {
        "owner": "natecraddock",
        "repo": "telescope-zf-native.nvim",
        "type": "github"
      }
    },
    "trouble-nvim": {
      "flake": false,
      "locked": {
        "lastModified": 1718172782,
        "narHash": "sha256-jA6RAkVOPCI1+wASzETgXZfB3Bp100HU8Dl4sRBduTo=",
        "owner": "folke",
        "repo": "trouble.nvim",
        "rev": "3609bb9a82bbab1ef95cf2c27ce7e52267a7d40d",
        "type": "github"
      },
      "original": {
        "owner": "folke",
        "repo": "trouble.nvim",
        "type": "github"
      }
    },
    "verdaccio": {
      "inputs": {
        "flake-utils": [
          "flake-utils"
        ],
        "nixpkgs": [
          "nixpkgs"
        ]
      },
      "locked": {
        "lastModified": 1716358108,
        "narHash": "sha256-z+3PZpjNoaMgoQzcAhxAKU7WQRnkG2MJAQqZQyp+60U=",
        "owner": "kitten",
        "repo": "verdaccio.nix",
        "rev": "950859707eb77b0d774d3b9185089b9779ef3801",
        "type": "github"
      },
      "original": {
        "owner": "kitten",
        "repo": "verdaccio.nix",
        "type": "github"
      }
    },
    "vim-fugitive": {
      "flake": false,
      "locked": {
        "lastModified": 1716130336,
        "narHash": "sha256-nyNtb3nsS/zFdSNRyXabcGIabAwgivJIUFB2c62vXmA=",
        "owner": "tpope",
        "repo": "vim-fugitive",
        "rev": "4f59455d2388e113bd510e85b310d15b9228ca0d",
        "type": "github"
      },
      "original": {
        "owner": "tpope",
        "repo": "vim-fugitive",
        "type": "github"
      }
    },
    "vim-golden-size": {
      "flake": false,
      "locked": {
        "lastModified": 1588176185,
        "narHash": "sha256-NJF8uVudwAU3xEPGDjDjjuxbj4V35n5igdA9CQ2q2AU=",
        "owner": "dm1try",
        "repo": "golden_size",
        "rev": "301907c3bd877912ca3d4125c602a23f8c4a7c95",
        "type": "github"
      },
      "original": {
        "owner": "dm1try",
        "repo": "golden_size",
        "type": "github"
      }
    },
    "vim-repeat": {
      "flake": false,
      "locked": {
        "lastModified": 1611544268,
        "narHash": "sha256-8rfZa3uKXB3TRCqaDHZ6DfzNbm7WaYnLvmTNzYtnKHg=",
        "owner": "tpope",
        "repo": "vim-repeat",
        "rev": "24afe922e6a05891756ecf331f39a1f6743d3d5a",
        "type": "github"
      },
      "original": {
        "owner": "tpope",
        "repo": "vim-repeat",
        "type": "github"
      }
    },
    "which-key-nvim": {
      "flake": false,
      "locked": {
        "lastModified": 1697569805,
        "narHash": "sha256-EVGIe8wUoKdND40vuyqT6+EOY6aUFBpY8PXivvL3ZZM=",
        "owner": "folke",
        "repo": "which-key.nvim",
        "rev": "ce741eb559c924d72e3a67d2189ad3771a231414",
        "type": "github"
      },
      "original": {
        "owner": "folke",
        "ref": "v1.6.0",
        "repo": "which-key.nvim",
        "type": "github"
      }
    }
  },
  "root": "root",
  "version": 7
}
